
Microsoft Visual Studio Solution File, Format Version 12.00
# Visual Studio 14
VisualStudioVersion = 14.0.25420.1
MinimumVisualStudioVersion = 10.0.40219.1
Project("{FAE04EC0-301F-11D3-BF4B-00C04F79EFBC}") = "ASC.Mobile.Droid", "ASC.Mobile\ASC.Mobile.Droid\ASC.Mobile.Droid.csproj", "{50F88E2A-64DE-4E56-AE0B-8BDFE958E97B}"
EndProject
Project("{FAE04EC0-301F-11D3-BF4B-00C04F79EFBC}") = "ASC.Mobile.iOS", "ASC.Mobile\ASC.Mobile.iOS\ASC.Mobile.iOS.csproj", "{71572BB5-7BF6-4034-8CA0-86782A193EFD}"
EndProject
Project("{FAE04EC0-301F-11D3-BF4B-00C04F79EFBC}") = "ASC.Mobile.UWP", "ASC.Mobile\ASC.Mobile.UWP\ASC.Mobile.UWP.csproj", "{5C472829-0905-4417-8F5D-A89AF801DBFC}"
EndProject
Project("{FAE04EC0-301F-11D3-BF4B-00C04F79EFBC}") = "ASC.Mobile", "ASC.Mobile\ASC.Mobile\ASC.Mobile.csproj", "{F12F6D46-8D71-450E-8CFB-F216370379B9}"
EndProject
Project("{FAE04EC0-301F-11D3-BF4B-00C04F79EFBC}") = "ASC.Mobile.Common", "ASC.Mobile.Common\ASC.Mobile.Common.csproj", "{67F9D3A8-F71E-4428-913F-C37AE82CDB24}"
EndProject
Global
	GlobalSection(SolutionConfigurationPlatforms) = preSolution
		Ad-Hoc|Any CPU = Ad-Hoc|Any CPU
		Ad-Hoc|ARM = Ad-Hoc|ARM
		Ad-Hoc|iPhone = Ad-Hoc|iPhone
		Ad-Hoc|iPhoneSimulator = Ad-Hoc|iPhoneSimulator
		Ad-Hoc|x64 = Ad-Hoc|x64
		Ad-Hoc|x86 = Ad-Hoc|x86
		AppStore|Any CPU = AppStore|Any CPU
		AppStore|ARM = AppStore|ARM
		AppStore|iPhone = AppStore|iPhone
		AppStore|iPhoneSimulator = AppStore|iPhoneSimulator
		AppStore|x64 = AppStore|x64
		AppStore|x86 = AppStore|x86
		Debug|Any CPU = Debug|Any CPU
		Debug|ARM = Debug|ARM
		Debug|iPhone = Debug|iPhone
		Debug|iPhoneSimulator = Debug|iPhoneSimulator
		Debug|x64 = Debug|x64
		Debug|x86 = Debug|x86
		Release|Any CPU = Release|Any CPU
		Release|ARM = Release|ARM
		Release|iPhone = Release|iPhone
		Release|iPhoneSimulator = Release|iPhoneSimulator
		Release|x64 = Release|x64
		Release|x86 = Release|x86
	EndGlobalSection
	GlobalSection(ProjectConfigurationPlatforms) = postSolution
		{50F88E2A-64DE-4E56-AE0B-8BDFE958E97B}.Ad-Hoc|Any CPU.ActiveCfg = Release|Any CPU
		{50F88E2A-64DE-4E56-AE0B-8BDFE958E97B}.Ad-Hoc|Any CPU.Build.0 = Release|Any CPU
		{50F88E2A-64DE-4E56-AE0B-8BDFE958E97B}.Ad-Hoc|Any CPU.Deploy.0 = Release|Any CPU
		{50F88E2A-64DE-4E56-AE0B-8BDFE958E97B}.Ad-Hoc|ARM.ActiveCfg = Release|Any CPU
		{50F88E2A-64DE-4E56-AE0B-8BDFE958E97B}.Ad-Hoc|ARM.Build.0 = Release|Any CPU
		{50F88E2A-64DE-4E56-AE0B-8BDFE958E97B}.Ad-Hoc|ARM.Deploy.0 = Release|Any CPU
		{50F88E2A-64DE-4E56-AE0B-8BDFE958E97B}.Ad-Hoc|iPhone.ActiveCfg = Release|Any CPU
		{50F88E2A-64DE-4E56-AE0B-8BDFE958E97B}.Ad-Hoc|iPhone.Build.0 = Release|Any CPU
		{50F88E2A-64DE-4E56-AE0B-8BDFE958E97B}.Ad-Hoc|iPhone.Deploy.0 = Release|Any CPU
		{50F88E2A-64DE-4E56-AE0B-8BDFE958E97B}.Ad-Hoc|iPhoneSimulator.ActiveCfg = Release|Any CPU
		{50F88E2A-64DE-4E56-AE0B-8BDFE958E97B}.Ad-Hoc|iPhoneSimulator.Build.0 = Release|Any CPU
		{50F88E2A-64DE-4E56-AE0B-8BDFE958E97B}.Ad-Hoc|iPhoneSimulator.Deploy.0 = Release|Any CPU
		{50F88E2A-64DE-4E56-AE0B-8BDFE958E97B}.Ad-Hoc|x64.ActiveCfg = Release|Any CPU
		{50F88E2A-64DE-4E56-AE0B-8BDFE958E97B}.Ad-Hoc|x64.Build.0 = Release|Any CPU
		{50F88E2A-64DE-4E56-AE0B-8BDFE958E97B}.Ad-Hoc|x64.Deploy.0 = Release|Any CPU
		{50F88E2A-64DE-4E56-AE0B-8BDFE958E97B}.Ad-Hoc|x86.ActiveCfg = Release|Any CPU
		{50F88E2A-64DE-4E56-AE0B-8BDFE958E97B}.Ad-Hoc|x86.Build.0 = Release|Any CPU
		{50F88E2A-64DE-4E56-AE0B-8BDFE958E97B}.Ad-Hoc|x86.Deploy.0 = Release|Any CPU
		{50F88E2A-64DE-4E56-AE0B-8BDFE958E97B}.AppStore|Any CPU.ActiveCfg = Release|Any CPU
		{50F88E2A-64DE-4E56-AE0B-8BDFE958E97B}.AppStore|Any CPU.Build.0 = Release|Any CPU
		{50F88E2A-64DE-4E56-AE0B-8BDFE958E97B}.AppStore|Any CPU.Deploy.0 = Release|Any CPU
		{50F88E2A-64DE-4E56-AE0B-8BDFE958E97B}.AppStore|ARM.ActiveCfg = Release|Any CPU
		{50F88E2A-64DE-4E56-AE0B-8BDFE958E97B}.AppStore|ARM.Build.0 = Release|Any CPU
		{50F88E2A-64DE-4E56-AE0B-8BDFE958E97B}.AppStore|ARM.Deploy.0 = Release|Any CPU
		{50F88E2A-64DE-4E56-AE0B-8BDFE958E97B}.AppStore|iPhone.ActiveCfg = Release|Any CPU
		{50F88E2A-64DE-4E56-AE0B-8BDFE958E97B}.AppStore|iPhone.Build.0 = Release|Any CPU
		{50F88E2A-64DE-4E56-AE0B-8BDFE958E97B}.AppStore|iPhone.Deploy.0 = Release|Any CPU
		{50F88E2A-64DE-4E56-AE0B-8BDFE958E97B}.AppStore|iPhoneSimulator.ActiveCfg = Release|Any CPU
		{50F88E2A-64DE-4E56-AE0B-8BDFE958E97B}.AppStore|iPhoneSimulator.Build.0 = Release|Any CPU
		{50F88E2A-64DE-4E56-AE0B-8BDFE958E97B}.AppStore|iPhoneSimulator.Deploy.0 = Release|Any CPU
		{50F88E2A-64DE-4E56-AE0B-8BDFE958E97B}.AppStore|x64.ActiveCfg = Release|Any CPU
		{50F88E2A-64DE-4E56-AE0B-8BDFE958E97B}.AppStore|x64.Build.0 = Release|Any CPU
		{50F88E2A-64DE-4E56-AE0B-8BDFE958E97B}.AppStore|x64.Deploy.0 = Release|Any CPU
		{50F88E2A-64DE-4E56-AE0B-8BDFE958E97B}.AppStore|x86.ActiveCfg = Release|Any CPU
		{50F88E2A-64DE-4E56-AE0B-8BDFE958E97B}.AppStore|x86.Build.0 = Release|Any CPU
		{50F88E2A-64DE-4E56-AE0B-8BDFE958E97B}.AppStore|x86.Deploy.0 = Release|Any CPU
		{50F88E2A-64DE-4E56-AE0B-8BDFE958E97B}.Debug|Any CPU.ActiveCfg = Debug|Any CPU
		{50F88E2A-64DE-4E56-AE0B-8BDFE958E97B}.Debug|Any CPU.Build.0 = Debug|Any CPU
		{50F88E2A-64DE-4E56-AE0B-8BDFE958E97B}.Debug|Any CPU.Deploy.0 = Debug|Any CPU
		{50F88E2A-64DE-4E56-AE0B-8BDFE958E97B}.Debug|ARM.ActiveCfg = Debug|Any CPU
		{50F88E2A-64DE-4E56-AE0B-8BDFE958E97B}.Debug|ARM.Build.0 = Debug|Any CPU
		{50F88E2A-64DE-4E56-AE0B-8BDFE958E97B}.Debug|ARM.Deploy.0 = Debug|Any CPU
		{50F88E2A-64DE-4E56-AE0B-8BDFE958E97B}.Debug|iPhone.ActiveCfg = Debug|Any CPU
		{50F88E2A-64DE-4E56-AE0B-8BDFE958E97B}.Debug|iPhone.Build.0 = Debug|Any CPU
		{50F88E2A-64DE-4E56-AE0B-8BDFE958E97B}.Debug|iPhone.Deploy.0 = Debug|Any CPU
		{50F88E2A-64DE-4E56-AE0B-8BDFE958E97B}.Debug|iPhoneSimulator.ActiveCfg = Debug|Any CPU
		{50F88E2A-64DE-4E56-AE0B-8BDFE958E97B}.Debug|iPhoneSimulator.Build.0 = Debug|Any CPU
		{50F88E2A-64DE-4E56-AE0B-8BDFE958E97B}.Debug|iPhoneSimulator.Deploy.0 = Debug|Any CPU
		{50F88E2A-64DE-4E56-AE0B-8BDFE958E97B}.Debug|x64.ActiveCfg = Debug|Any CPU
		{50F88E2A-64DE-4E56-AE0B-8BDFE958E97B}.Debug|x64.Build.0 = Debug|Any CPU
		{50F88E2A-64DE-4E56-AE0B-8BDFE958E97B}.Debug|x64.Deploy.0 = Debug|Any CPU
		{50F88E2A-64DE-4E56-AE0B-8BDFE958E97B}.Debug|x86.ActiveCfg = Debug|Any CPU
		{50F88E2A-64DE-4E56-AE0B-8BDFE958E97B}.Debug|x86.Build.0 = Debug|Any CPU
		{50F88E2A-64DE-4E56-AE0B-8BDFE958E97B}.Debug|x86.Deploy.0 = Debug|Any CPU
		{50F88E2A-64DE-4E56-AE0B-8BDFE958E97B}.Release|Any CPU.ActiveCfg = Release|Any CPU
		{50F88E2A-64DE-4E56-AE0B-8BDFE958E97B}.Release|Any CPU.Build.0 = Release|Any CPU
		{50F88E2A-64DE-4E56-AE0B-8BDFE958E97B}.Release|Any CPU.Deploy.0 = Release|Any CPU
		{50F88E2A-64DE-4E56-AE0B-8BDFE958E97B}.Release|ARM.ActiveCfg = Release|Any CPU
		{50F88E2A-64DE-4E56-AE0B-8BDFE958E97B}.Release|ARM.Build.0 = Release|Any CPU
		{50F88E2A-64DE-4E56-AE0B-8BDFE958E97B}.Release|ARM.Deploy.0 = Release|Any CPU
		{50F88E2A-64DE-4E56-AE0B-8BDFE958E97B}.Release|iPhone.ActiveCfg = Release|Any CPU
		{50F88E2A-64DE-4E56-AE0B-8BDFE958E97B}.Release|iPhone.Build.0 = Release|Any CPU
		{50F88E2A-64DE-4E56-AE0B-8BDFE958E97B}.Release|iPhone.Deploy.0 = Release|Any CPU
		{50F88E2A-64DE-4E56-AE0B-8BDFE958E97B}.Release|iPhoneSimulator.ActiveCfg = Release|Any CPU
		{50F88E2A-64DE-4E56-AE0B-8BDFE958E97B}.Release|iPhoneSimulator.Build.0 = Release|Any CPU
		{50F88E2A-64DE-4E56-AE0B-8BDFE958E97B}.Release|iPhoneSimulator.Deploy.0 = Release|Any CPU
		{50F88E2A-64DE-4E56-AE0B-8BDFE958E97B}.Release|x64.ActiveCfg = Release|Any CPU
		{50F88E2A-64DE-4E56-AE0B-8BDFE958E97B}.Release|x64.Build.0 = Release|Any CPU
		{50F88E2A-64DE-4E56-AE0B-8BDFE958E97B}.Release|x64.Deploy.0 = Release|Any CPU
		{50F88E2A-64DE-4E56-AE0B-8BDFE958E97B}.Release|x86.ActiveCfg = Release|Any CPU
		{50F88E2A-64DE-4E56-AE0B-8BDFE958E97B}.Release|x86.Build.0 = Release|Any CPU
		{50F88E2A-64DE-4E56-AE0B-8BDFE958E97B}.Release|x86.Deploy.0 = Release|Any CPU
		{71572BB5-7BF6-4034-8CA0-86782A193EFD}.Ad-Hoc|Any CPU.ActiveCfg = Ad-Hoc|iPhone
		{71572BB5-7BF6-4034-8CA0-86782A193EFD}.Ad-Hoc|ARM.ActiveCfg = Ad-Hoc|iPhone
		{71572BB5-7BF6-4034-8CA0-86782A193EFD}.Ad-Hoc|iPhone.ActiveCfg = Ad-Hoc|iPhone
		{71572BB5-7BF6-4034-8CA0-86782A193EFD}.Ad-Hoc|iPhone.Build.0 = Ad-Hoc|iPhone
		{71572BB5-7BF6-4034-8CA0-86782A193EFD}.Ad-Hoc|iPhoneSimulator.ActiveCfg = Ad-Hoc|iPhoneSimulator
		{71572BB5-7BF6-4034-8CA0-86782A193EFD}.Ad-Hoc|iPhoneSimulator.Build.0 = Ad-Hoc|iPhoneSimulator
		{71572BB5-7BF6-4034-8CA0-86782A193EFD}.Ad-Hoc|x64.ActiveCfg = Ad-Hoc|iPhone
		{71572BB5-7BF6-4034-8CA0-86782A193EFD}.Ad-Hoc|x86.ActiveCfg = Ad-Hoc|iPhone
		{71572BB5-7BF6-4034-8CA0-86782A193EFD}.AppStore|Any CPU.ActiveCfg = AppStore|iPhone
		{71572BB5-7BF6-4034-8CA0-86782A193EFD}.AppStore|ARM.ActiveCfg = AppStore|iPhone
		{71572BB5-7BF6-4034-8CA0-86782A193EFD}.AppStore|iPhone.ActiveCfg = AppStore|iPhone
		{71572BB5-7BF6-4034-8CA0-86782A193EFD}.AppStore|iPhone.Build.0 = AppStore|iPhone
		{71572BB5-7BF6-4034-8CA0-86782A193EFD}.AppStore|iPhoneSimulator.ActiveCfg = AppStore|iPhoneSimulator
		{71572BB5-7BF6-4034-8CA0-86782A193EFD}.AppStore|iPhoneSimulator.Build.0 = AppStore|iPhoneSimulator
		{71572BB5-7BF6-4034-8CA0-86782A193EFD}.AppStore|x64.ActiveCfg = AppStore|iPhone
		{71572BB5-7BF6-4034-8CA0-86782A193EFD}.AppStore|x86.ActiveCfg = AppStore|iPhone
		{71572BB5-7BF6-4034-8CA0-86782A193EFD}.Debug|Any CPU.ActiveCfg = Debug|iPhone
		{71572BB5-7BF6-4034-8CA0-86782A193EFD}.Debug|ARM.ActiveCfg = Debug|iPhone
		{71572BB5-7BF6-4034-8CA0-86782A193EFD}.Debug|iPhone.ActiveCfg = Debug|iPhone
		{71572BB5-7BF6-4034-8CA0-86782A193EFD}.Debug|iPhone.Build.0 = Debug|iPhone
		{71572BB5-7BF6-4034-8CA0-86782A193EFD}.Debug|iPhoneSimulator.ActiveCfg = Debug|iPhoneSimulator
		{71572BB5-7BF6-4034-8CA0-86782A193EFD}.Debug|iPhoneSimulator.Build.0 = Debug|iPhoneSimulator
		{71572BB5-7BF6-4034-8CA0-86782A193EFD}.Debug|x64.ActiveCfg = Debug|iPhone
		{71572BB5-7BF6-4034-8CA0-86782A193EFD}.Debug|x86.ActiveCfg = Debug|iPhone
		{71572BB5-7BF6-4034-8CA0-86782A193EFD}.Release|Any CPU.ActiveCfg = Release|iPhone
		{71572BB5-7BF6-4034-8CA0-86782A193EFD}.Release|ARM.ActiveCfg = Release|iPhone
		{71572BB5-7BF6-4034-8CA0-86782A193EFD}.Release|iPhone.ActiveCfg = Release|iPhone
		{71572BB5-7BF6-4034-8CA0-86782A193EFD}.Release|iPhone.Build.0 = Release|iPhone
		{71572BB5-7BF6-4034-8CA0-86782A193EFD}.Release|iPhoneSimulator.ActiveCfg = Release|iPhoneSimulator
		{71572BB5-7BF6-4034-8CA0-86782A193EFD}.Release|iPhoneSimulator.Build.0 = Release|iPhoneSimulator
		{71572BB5-7BF6-4034-8CA0-86782A193EFD}.Release|x64.ActiveCfg = Release|iPhone
		{71572BB5-7BF6-4034-8CA0-86782A193EFD}.Release|x86.ActiveCfg = Release|iPhone
		{5C472829-0905-4417-8F5D-A89AF801DBFC}.Ad-Hoc|Any CPU.ActiveCfg = Release|x86
		{5C472829-0905-4417-8F5D-A89AF801DBFC}.Ad-Hoc|Any CPU.Build.0 = Release|x86
		{5C472829-0905-4417-8F5D-A89AF801DBFC}.Ad-Hoc|Any CPU.Deploy.0 = Release|x86
		{5C472829-0905-4417-8F5D-A89AF801DBFC}.Ad-Hoc|ARM.ActiveCfg = Release|ARM
		{5C472829-0905-4417-8F5D-A89AF801DBFC}.Ad-Hoc|ARM.Build.0 = Release|ARM
		{5C472829-0905-4417-8F5D-A89AF801DBFC}.Ad-Hoc|ARM.Deploy.0 = Release|ARM
		{5C472829-0905-4417-8F5D-A89AF801DBFC}.Ad-Hoc|iPhone.ActiveCfg = Release|x86
		{5C472829-0905-4417-8F5D-A89AF801DBFC}.Ad-Hoc|iPhone.Build.0 = Release|x86
		{5C472829-0905-4417-8F5D-A89AF801DBFC}.Ad-Hoc|iPhone.Deploy.0 = Release|x86
		{5C472829-0905-4417-8F5D-A89AF801DBFC}.Ad-Hoc|iPhoneSimulator.ActiveCfg = Release|x86
		{5C472829-0905-4417-8F5D-A89AF801DBFC}.Ad-Hoc|iPhoneSimulator.Build.0 = Release|x86
		{5C472829-0905-4417-8F5D-A89AF801DBFC}.Ad-Hoc|iPhoneSimulator.Deploy.0 = Release|x86
		{5C472829-0905-4417-8F5D-A89AF801DBFC}.Ad-Hoc|x64.ActiveCfg = Release|x64
		{5C472829-0905-4417-8F5D-A89AF801DBFC}.Ad-Hoc|x64.Build.0 = Release|x64
		{5C472829-0905-4417-8F5D-A89AF801DBFC}.Ad-Hoc|x64.Deploy.0 = Release|x64
		{5C472829-0905-4417-8F5D-A89AF801DBFC}.Ad-Hoc|x86.ActiveCfg = Release|x86
		{5C472829-0905-4417-8F5D-A89AF801DBFC}.Ad-Hoc|x86.Build.0 = Release|x86
		{5C472829-0905-4417-8F5D-A89AF801DBFC}.Ad-Hoc|x86.Deploy.0 = Release|x86
		{5C472829-0905-4417-8F5D-A89AF801DBFC}.AppStore|Any CPU.ActiveCfg = Release|x86
		{5C472829-0905-4417-8F5D-A89AF801DBFC}.AppStore|Any CPU.Build.0 = Release|x86
		{5C472829-0905-4417-8F5D-A89AF801DBFC}.AppStore|Any CPU.Deploy.0 = Release|x86
		{5C472829-0905-4417-8F5D-A89AF801DBFC}.AppStore|ARM.ActiveCfg = Release|ARM
		{5C472829-0905-4417-8F5D-A89AF801DBFC}.AppStore|ARM.Build.0 = Release|ARM
		{5C472829-0905-4417-8F5D-A89AF801DBFC}.AppStore|ARM.Deploy.0 = Release|ARM
		{5C472829-0905-4417-8F5D-A89AF801DBFC}.AppStore|iPhone.ActiveCfg = Release|x86
		{5C472829-0905-4417-8F5D-A89AF801DBFC}.AppStore|iPhone.Build.0 = Release|x86
		{5C472829-0905-4417-8F5D-A89AF801DBFC}.AppStore|iPhone.Deploy.0 = Release|x86
		{5C472829-0905-4417-8F5D-A89AF801DBFC}.AppStore|iPhoneSimulator.ActiveCfg = Release|x86
		{5C472829-0905-4417-8F5D-A89AF801DBFC}.AppStore|iPhoneSimulator.Build.0 = Release|x86
		{5C472829-0905-4417-8F5D-A89AF801DBFC}.AppStore|iPhoneSimulator.Deploy.0 = Release|x86
		{5C472829-0905-4417-8F5D-A89AF801DBFC}.AppStore|x64.ActiveCfg = Release|x64
		{5C472829-0905-4417-8F5D-A89AF801DBFC}.AppStore|x64.Build.0 = Release|x64
		{5C472829-0905-4417-8F5D-A89AF801DBFC}.AppStore|x64.Deploy.0 = Release|x64
		{5C472829-0905-4417-8F5D-A89AF801DBFC}.AppStore|x86.ActiveCfg = Release|x86
		{5C472829-0905-4417-8F5D-A89AF801DBFC}.AppStore|x86.Build.0 = Release|x86
		{5C472829-0905-4417-8F5D-A89AF801DBFC}.AppStore|x86.Deploy.0 = Release|x86
		{5C472829-0905-4417-8F5D-A89AF801DBFC}.Debug|Any CPU.ActiveCfg = Debug|x86
		{5C472829-0905-4417-8F5D-A89AF801DBFC}.Debug|Any CPU.Build.0 = Debug|x86
		{5C472829-0905-4417-8F5D-A89AF801DBFC}.Debug|Any CPU.Deploy.0 = Debug|x86
		{5C472829-0905-4417-8F5D-A89AF801DBFC}.Debug|ARM.ActiveCfg = Debug|ARM
		{5C472829-0905-4417-8F5D-A89AF801DBFC}.Debug|ARM.Build.0 = Debug|ARM
		{5C472829-0905-4417-8F5D-A89AF801DBFC}.Debug|ARM.Deploy.0 = Debug|ARM
		{5C472829-0905-4417-8F5D-A89AF801DBFC}.Debug|iPhone.ActiveCfg = Debug|x86
		{5C472829-0905-4417-8F5D-A89AF801DBFC}.Debug|iPhoneSimulator.ActiveCfg = Debug|x86
		{5C472829-0905-4417-8F5D-A89AF801DBFC}.Debug|x64.ActiveCfg = Debug|x64
		{5C472829-0905-4417-8F5D-A89AF801DBFC}.Debug|x64.Build.0 = Debug|x64
		{5C472829-0905-4417-8F5D-A89AF801DBFC}.Debug|x64.Deploy.0 = Debug|x64
		{5C472829-0905-4417-8F5D-A89AF801DBFC}.Debug|x86.ActiveCfg = Debug|x86
		{5C472829-0905-4417-8F5D-A89AF801DBFC}.Debug|x86.Build.0 = Debug|x86
		{5C472829-0905-4417-8F5D-A89AF801DBFC}.Debug|x86.Deploy.0 = Debug|x86
		{5C472829-0905-4417-8F5D-A89AF801DBFC}.Release|Any CPU.ActiveCfg = Release|x86
		{5C472829-0905-4417-8F5D-A89AF801DBFC}.Release|ARM.ActiveCfg = Release|ARM
		{5C472829-0905-4417-8F5D-A89AF801DBFC}.Release|ARM.Build.0 = Release|ARM
		{5C472829-0905-4417-8F5D-A89AF801DBFC}.Release|ARM.Deploy.0 = Release|ARM
		{5C472829-0905-4417-8F5D-A89AF801DBFC}.Release|iPhone.ActiveCfg = Release|x86
		{5C472829-0905-4417-8F5D-A89AF801DBFC}.Release|iPhoneSimulator.ActiveCfg = Release|x86
		{5C472829-0905-4417-8F5D-A89AF801DBFC}.Release|x64.ActiveCfg = Release|x64
		{5C472829-0905-4417-8F5D-A89AF801DBFC}.Release|x64.Build.0 = Release|x64
		{5C472829-0905-4417-8F5D-A89AF801DBFC}.Release|x64.Deploy.0 = Release|x64
		{5C472829-0905-4417-8F5D-A89AF801DBFC}.Release|x86.ActiveCfg = Release|x86
		{5C472829-0905-4417-8F5D-A89AF801DBFC}.Release|x86.Build.0 = Release|x86
		{5C472829-0905-4417-8F5D-A89AF801DBFC}.Release|x86.Deploy.0 = Release|x86
		{F12F6D46-8D71-450E-8CFB-F216370379B9}.Ad-Hoc|Any CPU.ActiveCfg = Release|Any CPU
		{F12F6D46-8D71-450E-8CFB-F216370379B9}.Ad-Hoc|Any CPU.Build.0 = Release|Any CPU
		{F12F6D46-8D71-450E-8CFB-F216370379B9}.Ad-Hoc|ARM.ActiveCfg = Release|Any CPU
		{F12F6D46-8D71-450E-8CFB-F216370379B9}.Ad-Hoc|ARM.Build.0 = Release|Any CPU
		{F12F6D46-8D71-450E-8CFB-F216370379B9}.Ad-Hoc|iPhone.ActiveCfg = Release|Any CPU
		{F12F6D46-8D71-450E-8CFB-F216370379B9}.Ad-Hoc|iPhone.Build.0 = Release|Any CPU
		{F12F6D46-8D71-450E-8CFB-F216370379B9}.Ad-Hoc|iPhoneSimulator.ActiveCfg = Release|Any CPU
		{F12F6D46-8D71-450E-8CFB-F216370379B9}.Ad-Hoc|iPhoneSimulator.Build.0 = Release|Any CPU
		{F12F6D46-8D71-450E-8CFB-F216370379B9}.Ad-Hoc|x64.ActiveCfg = Release|Any CPU
		{F12F6D46-8D71-450E-8CFB-F216370379B9}.Ad-Hoc|x64.Build.0 = Release|Any CPU
		{F12F6D46-8D71-450E-8CFB-F216370379B9}.Ad-Hoc|x86.ActiveCfg = Release|Any CPU
		{F12F6D46-8D71-450E-8CFB-F216370379B9}.Ad-Hoc|x86.Build.0 = Release|Any CPU
		{F12F6D46-8D71-450E-8CFB-F216370379B9}.AppStore|Any CPU.ActiveCfg = Release|Any CPU
		{F12F6D46-8D71-450E-8CFB-F216370379B9}.AppStore|Any CPU.Build.0 = Release|Any CPU
		{F12F6D46-8D71-450E-8CFB-F216370379B9}.AppStore|ARM.ActiveCfg = Release|Any CPU
		{F12F6D46-8D71-450E-8CFB-F216370379B9}.AppStore|ARM.Build.0 = Release|Any CPU
		{F12F6D46-8D71-450E-8CFB-F216370379B9}.AppStore|iPhone.ActiveCfg = Release|Any CPU
		{F12F6D46-8D71-450E-8CFB-F216370379B9}.AppStore|iPhone.Build.0 = Release|Any CPU
		{F12F6D46-8D71-450E-8CFB-F216370379B9}.AppStore|iPhoneSimulator.ActiveCfg = Release|Any CPU
		{F12F6D46-8D71-450E-8CFB-F216370379B9}.AppStore|iPhoneSimulator.Build.0 = Release|Any CPU
		{F12F6D46-8D71-450E-8CFB-F216370379B9}.AppStore|x64.ActiveCfg = Release|Any CPU
		{F12F6D46-8D71-450E-8CFB-F216370379B9}.AppStore|x64.Build.0 = Release|Any CPU
		{F12F6D46-8D71-450E-8CFB-F216370379B9}.AppStore|x86.ActiveCfg = Release|Any CPU
		{F12F6D46-8D71-450E-8CFB-F216370379B9}.AppStore|x86.Build.0 = Release|Any CPU
		{F12F6D46-8D71-450E-8CFB-F216370379B9}.Debug|Any CPU.ActiveCfg = Debug|Any CPU
		{F12F6D46-8D71-450E-8CFB-F216370379B9}.Debug|Any CPU.Build.0 = Debug|Any CPU
		{F12F6D46-8D71-450E-8CFB-F216370379B9}.Debug|ARM.ActiveCfg = Debug|Any CPU
		{F12F6D46-8D71-450E-8CFB-F216370379B9}.Debug|ARM.Build.0 = Debug|Any CPU
		{F12F6D46-8D71-450E-8CFB-F216370379B9}.Debug|iPhone.ActiveCfg = Debug|Any CPU
		{F12F6D46-8D71-450E-8CFB-F216370379B9}.Debug|iPhone.Build.0 = Debug|Any CPU
		{F12F6D46-8D71-450E-8CFB-F216370379B9}.Debug|iPhoneSimulator.ActiveCfg = Debug|Any CPU
		{F12F6D46-8D71-450E-8CFB-F216370379B9}.Debug|iPhoneSimulator.Build.0 = Debug|Any CPU
		{F12F6D46-8D71-450E-8CFB-F216370379B9}.Debug|x64.ActiveCfg = Debug|Any CPU
		{F12F6D46-8D71-450E-8CFB-F216370379B9}.Debug|x64.Build.0 = Debug|Any CPU
		{F12F6D46-8D71-450E-8CFB-F216370379B9}.Debug|x86.ActiveCfg = Debug|Any CPU
		{F12F6D46-8D71-450E-8CFB-F216370379B9}.Debug|x86.Build.0 = Debug|Any CPU
		{F12F6D46-8D71-450E-8CFB-F216370379B9}.Release|Any CPU.ActiveCfg = Release|Any CPU
		{F12F6D46-8D71-450E-8CFB-F216370379B9}.Release|Any CPU.Build.0 = Release|Any CPU
		{F12F6D46-8D71-450E-8CFB-F216370379B9}.Release|ARM.ActiveCfg = Release|Any CPU
		{F12F6D46-8D71-450E-8CFB-F216370379B9}.Release|ARM.Build.0 = Release|Any CPU
		{F12F6D46-8D71-450E-8CFB-F216370379B9}.Release|iPhone.ActiveCfg = Release|Any CPU
		{F12F6D46-8D71-450E-8CFB-F216370379B9}.Release|iPhone.Build.0 = Release|Any CPU
		{F12F6D46-8D71-450E-8CFB-F216370379B9}.Release|iPhoneSimulator.ActiveCfg = Release|Any CPU
		{F12F6D46-8D71-450E-8CFB-F216370379B9}.Release|iPhoneSimulator.Build.0 = Release|Any CPU
		{F12F6D46-8D71-450E-8CFB-F216370379B9}.Release|x64.ActiveCfg = Release|Any CPU
		{F12F6D46-8D71-450E-8CFB-F216370379B9}.Release|x64.Build.0 = Release|Any CPU
		{F12F6D46-8D71-450E-8CFB-F216370379B9}.Release|x86.ActiveCfg = Release|Any CPU
		{F12F6D46-8D71-450E-8CFB-F216370379B9}.Release|x86.Build.0 = Release|Any CPU
		{67F9D3A8-F71E-4428-913F-C37AE82CDB24}.Ad-Hoc|Any CPU.ActiveCfg = Release|Any CPU
		{67F9D3A8-F71E-4428-913F-C37AE82CDB24}.Ad-Hoc|Any CPU.Build.0 = Release|Any CPU
		{67F9D3A8-F71E-4428-913F-C37AE82CDB24}.Ad-Hoc|ARM.ActiveCfg = Release|Any CPU
		{67F9D3A8-F71E-4428-913F-C37AE82CDB24}.Ad-Hoc|ARM.Build.0 = Release|Any CPU
		{67F9D3A8-F71E-4428-913F-C37AE82CDB24}.Ad-Hoc|iPhone.ActiveCfg = Release|Any CPU
		{67F9D3A8-F71E-4428-913F-C37AE82CDB24}.Ad-Hoc|iPhone.Build.0 = Release|Any CPU
		{67F9D3A8-F71E-4428-913F-C37AE82CDB24}.Ad-Hoc|iPhoneSimulator.ActiveCfg = Release|Any CPU
		{67F9D3A8-F71E-4428-913F-C37AE82CDB24}.Ad-Hoc|iPhoneSimulator.Build.0 = Release|Any CPU
		{67F9D3A8-F71E-4428-913F-C37AE82CDB24}.Ad-Hoc|x64.ActiveCfg = Release|Any CPU
		{67F9D3A8-F71E-4428-913F-C37AE82CDB24}.Ad-Hoc|x64.Build.0 = Release|Any CPU
		{67F9D3A8-F71E-4428-913F-C37AE82CDB24}.Ad-Hoc|x86.ActiveCfg = Release|Any CPU
		{67F9D3A8-F71E-4428-913F-C37AE82CDB24}.Ad-Hoc|x86.Build.0 = Release|Any CPU
		{67F9D3A8-F71E-4428-913F-C37AE82CDB24}.AppStore|Any CPU.ActiveCfg = Release|Any CPU
		{67F9D3A8-F71E-4428-913F-C37AE82CDB24}.AppStore|Any CPU.Build.0 = Release|Any CPU
		{67F9D3A8-F71E-4428-913F-C37AE82CDB24}.AppStore|ARM.ActiveCfg = Release|Any CPU
		{67F9D3A8-F71E-4428-913F-C37AE82CDB24}.AppStore|ARM.Build.0 = Release|Any CPU
		{67F9D3A8-F71E-4428-913F-C37AE82CDB24}.AppStore|iPhone.ActiveCfg = Release|Any CPU
		{67F9D3A8-F71E-4428-913F-C37AE82CDB24}.AppStore|iPhone.Build.0 = Release|Any CPU
		{67F9D3A8-F71E-4428-913F-C37AE82CDB24}.AppStore|iPhoneSimulator.ActiveCfg = Release|Any CPU
		{67F9D3A8-F71E-4428-913F-C37AE82CDB24}.AppStore|iPhoneSimulator.Build.0 = Release|Any CPU
		{67F9D3A8-F71E-4428-913F-C37AE82CDB24}.AppStore|x64.ActiveCfg = Release|Any CPU
		{67F9D3A8-F71E-4428-913F-C37AE82CDB24}.AppStore|x64.Build.0 = Release|Any CPU
		{67F9D3A8-F71E-4428-913F-C37AE82CDB24}.AppStore|x86.ActiveCfg = Release|Any CPU
		{67F9D3A8-F71E-4428-913F-C37AE82CDB24}.AppStore|x86.Build.0 = Release|Any CPU
		{67F9D3A8-F71E-4428-913F-C37AE82CDB24}.Debug|Any CPU.ActiveCfg = Debug|Any CPU
		{67F9D3A8-F71E-4428-913F-C37AE82CDB24}.Debug|Any CPU.Build.0 = Debug|Any CPU
		{67F9D3A8-F71E-4428-913F-C37AE82CDB24}.Debug|ARM.ActiveCfg = Debug|Any CPU
		{67F9D3A8-F71E-4428-913F-C37AE82CDB24}.Debug|ARM.Build.0 = Debug|Any CPU
		{67F9D3A8-F71E-4428-913F-C37AE82CDB24}.Debug|iPhone.ActiveCfg = Debug|Any CPU
		{67F9D3A8-F71E-4428-913F-C37AE82CDB24}.Debug|iPhone.Build.0 = Debug|Any CPU
		{67F9D3A8-F71E-4428-913F-C37AE82CDB24}.Debug|iPhoneSimulator.ActiveCfg = Debug|Any CPU
		{67F9D3A8-F71E-4428-913F-C37AE82CDB24}.Debug|iPhoneSimulator.Build.0 = Debug|Any CPU
		{67F9D3A8-F71E-4428-913F-C37AE82CDB24}.Debug|x64.ActiveCfg = Debug|Any CPU
		{67F9D3A8-F71E-4428-913F-C37AE82CDB24}.Debug|x64.Build.0 = Debug|Any CPU
		{67F9D3A8-F71E-4428-913F-C37AE82CDB24}.Debug|x86.ActiveCfg = Debug|Any CPU
		{67F9D3A8-F71E-4428-913F-C37AE82CDB24}.Debug|x86.Build.0 = Debug|Any CPU
		{67F9D3A8-F71E-4428-913F-C37AE82CDB24}.Release|Any CPU.ActiveCfg = Release|Any CPU
		{67F9D3A8-F71E-4428-913F-C37AE82CDB24}.Release|Any CPU.Build.0 = Release|Any CPU
		{67F9D3A8-F71E-4428-913F-C37AE82CDB24}.Release|ARM.ActiveCfg = Release|Any CPU
		{67F9D3A8-F71E-4428-913F-C37AE82CDB24}.Release|ARM.Build.0 = Release|Any CPU
		{67F9D3A8-F71E-4428-913F-C37AE82CDB24}.Release|iPhone.ActiveCfg = Release|Any CPU
		{67F9D3A8-F71E-4428-913F-C37AE82CDB24}.Release|iPhone.Build.0 = Release|Any CPU
		{67F9D3A8-F71E-4428-913F-C37AE82CDB24}.Release|iPhoneSimulator.ActiveCfg = Release|Any CPU
		{67F9D3A8-F71E-4428-913F-C37AE82CDB24}.Release|iPhoneSimulator.Build.0 = Release|Any CPU
		{67F9D3A8-F71E-4428-913F-C37AE82CDB24}.Release|x64.ActiveCfg = Release|Any CPU
		{67F9D3A8-F71E-4428-913F-C37AE82CDB24}.Release|x64.Build.0 = Release|Any CPU
		{67F9D3A8-F71E-4428-913F-C37AE82CDB24}.Release|x86.ActiveCfg = Release|Any CPU
		{67F9D3A8-F71E-4428-913F-C37AE82CDB24}.Release|x86.Build.0 = Release|Any CPU
	EndGlobalSection
	GlobalSection(SolutionProperties) = preSolution
		HideSolutionNode = FALSE
	EndGlobalSection
EndGlobal
